
Microsoft Visual Studio Solution File, Format Version 12.00
# Visual Studio 15
VisualStudioVersion = 15.0.26430.16
MinimumVisualStudioVersion = 10.0.40219.1
Project("{FAE04EC0-301F-11D3-BF4B-00C04F79EFBC}") = "SimpleFactory", "SimpleFactory\SimpleFactory.csproj", "{F1E0D86C-940B-4310-B5A0-F1471A81AD4B}"
EndProject
Project("{FAE04EC0-301F-11D3-BF4B-00C04F79EFBC}") = "Builder", "Builder\Builder.csproj", "{2CAB3485-14F9-47F9-B41E-67006AFF56D3}"
EndProject
Project("{FAE04EC0-301F-11D3-BF4B-00C04F79EFBC}") = "Prototype", "Prototype\Prototype.csproj", "{8A93BCC6-F806-492D-B969-CB26E416B5CC}"
EndProject
Global
	GlobalSection(SolutionConfigurationPlatforms) = preSolution
		Debug|Any CPU = Debug|Any CPU
		Release|Any CPU = Release|Any CPU
	EndGlobalSection
	GlobalSection(ProjectConfigurationPlatforms) = postSolution
		{F1E0D86C-940B-4310-B5A0-F1471A81AD4B}.Debug|Any CPU.ActiveCfg = Debug|Any CPU
		{F1E0D86C-940B-4310-B5A0-F1471A81AD4B}.Debug|Any CPU.Build.0 = Debug|Any CPU
		{F1E0D86C-940B-4310-B5A0-F1471A81AD4B}.Release|Any CPU.ActiveCfg = Release|Any CPU
		{F1E0D86C-940B-4310-B5A0-F1471A81AD4B}.Release|Any CPU.Build.0 = Release|Any CPU
		{2CAB3485-14F9-47F9-B41E-67006AFF56D3}.Debug|Any CPU.ActiveCfg = Debug|Any CPU
		{2CAB3485-14F9-47F9-B41E-67006AFF56D3}.Debug|Any CPU.Build.0 = Debug|Any CPU
		{2CAB3485-14F9-47F9-B41E-67006AFF56D3}.Release|Any CPU.ActiveCfg = Release|Any CPU
		{2CAB3485-14F9-47F9-B41E-67006AFF56D3}.Release|Any CPU.Build.0 = Release|Any CPU
		{8A93BCC6-F806-492D-B969-CB26E416B5CC}.Debug|Any CPU.ActiveCfg = Debug|Any CPU
		{8A93BCC6-F806-492D-B969-CB26E416B5CC}.Debug|Any CPU.Build.0 = Debug|Any CPU
		{8A93BCC6-F806-492D-B969-CB26E416B5CC}.Release|Any CPU.ActiveCfg = Release|Any CPU
		{8A93BCC6-F806-492D-B969-CB26E416B5CC}.Release|Any CPU.Build.0 = Release|Any CPU
	EndGlobalSection
	GlobalSection(SolutionProperties) = preSolution
		HideSolutionNode = FALSE
	EndGlobalSection
EndGlobal
