
Microsoft Visual Studio Solution File, Format Version 12.00
# Visual Studio 15
VisualStudioVersion = 15.0.27130.2036
MinimumVisualStudioVersion = 10.0.40219.1
Project("{FAE04EC0-301F-11D3-BF4B-00C04F79EFBC}") = "SimpleFactory", "SimpleFactory\SimpleFactory.csproj", "{F1E0D86C-940B-4310-B5A0-F1471A81AD4B}"
EndProject
Project("{FAE04EC0-301F-11D3-BF4B-00C04F79EFBC}") = "Builder", "Builder\Builder.csproj", "{2CAB3485-14F9-47F9-B41E-67006AFF56D3}"
EndProject
Project("{9A19103F-16F7-4668-BE54-9A1E7A4F7556}") = "Prototype", "Prototype\Prototype.csproj", "{8A93BCC6-F806-492D-B969-CB26E416B5CC}"
EndProject
Project("{9A19103F-16F7-4668-BE54-9A1E7A4F7556}") = "Singleton", "Singleton\Singleton.csproj", "{FEF95FA9-24DC-404B-A8C3-5AF96E6CEBCE}"
EndProject
Project("{2150E333-8FDC-42A3-9474-1A3956D46DE8}") = "Tests", "Tests", "{7B07CE54-DDB2-41A3-844E-A28174D6DB52}"
EndProject
Project("{FAE04EC0-301F-11D3-BF4B-00C04F79EFBC}") = "SimpleFactoryTests", "SimpleFactoryTests\SimpleFactoryTests.csproj", "{F256C6C2-2F52-4668-BD21-994988FFF3FD}"
EndProject
Project("{FAE04EC0-301F-11D3-BF4B-00C04F79EFBC}") = "CommonClientLib", "CommonClientLib\CommonClientLib.csproj", "{55C34CF0-2A76-41CA-B10B-F62AD3B224B9}"
EndProject
Project("{9A19103F-16F7-4668-BE54-9A1E7A4F7556}") = "Adapter", "Adapter\Adapter.csproj", "{C5E80F77-12C6-428E-9274-6FB94A031160}"
EndProject
Project("{9A19103F-16F7-4668-BE54-9A1E7A4F7556}") = "Bridge", "Bridge\Bridge.csproj", "{369F3C6C-AF2D-4B9E-984A-3668C478F2CF}"
EndProject
Project("{9A19103F-16F7-4668-BE54-9A1E7A4F7556}") = "Composite", "Composite\Composite.csproj", "{06AD666A-3608-4EE4-8C02-740D43ED9EA5}"
EndProject
Project("{9A19103F-16F7-4668-BE54-9A1E7A4F7556}") = "CompositeTests", "CompositeTests\CompositeTests.csproj", "{2A3CD9C4-DCA8-4406-B9B8-8E4E3DCD8B03}"
EndProject
Project("{9A19103F-16F7-4668-BE54-9A1E7A4F7556}") = "CommonClientLibTests", "CommonClientLibTests\CommonClientLibTests.csproj", "{4AC35269-F049-4B30-9B54-0D64B5A1B95A}"
EndProject
Project("{9A19103F-16F7-4668-BE54-9A1E7A4F7556}") = "Decorator", "Decorator\Decorator.csproj", "{399B06BD-611A-4093-B712-0AF8EBB346DB}"
EndProject
Project("{9A19103F-16F7-4668-BE54-9A1E7A4F7556}") = "Facade", "Facade\Facade.csproj", "{4C404CCE-9391-4450-B51B-B3113F9CDF51}"
EndProject
Project("{9A19103F-16F7-4668-BE54-9A1E7A4F7556}") = "Flyweight", "Flyweight\Flyweight.csproj", "{B6284CB2-6D53-4953-ACDF-008DB98BE601}"
EndProject
Project("{9A19103F-16F7-4668-BE54-9A1E7A4F7556}") = "Proxy", "Proxy\Proxy.csproj", "{32CD50BC-1599-4582-847A-CEB1FE13D0EB}"
EndProject
Project("{9A19103F-16F7-4668-BE54-9A1E7A4F7556}") = "ChainOfResponsibility", "ChainOfResponsibility\ChainOfResponsibility.csproj", "{652F198F-6289-4A50-82DB-1791DBF8AA1E}"
EndProject
Project("{9A19103F-16F7-4668-BE54-9A1E7A4F7556}") = "Command", "Command\Command.csproj", "{2A5CEB05-14FA-4949-ACA8-728B14B344D5}"
EndProject
Project("{9A19103F-16F7-4668-BE54-9A1E7A4F7556}") = "Interpreter", "Interpreter\Interpreter.csproj", "{7938FE15-EC75-42D4-BD0D-0BB92F515483}"
EndProject
Project("{9A19103F-16F7-4668-BE54-9A1E7A4F7556}") = "InterpreterTests", "InterpreterTests\InterpreterTests.csproj", "{EACA46FF-9942-4328-B20B-AF0102EBE847}"
EndProject
Project("{9A19103F-16F7-4668-BE54-9A1E7A4F7556}") = "Iterator", "Iterator\Iterator.csproj", "{CEFEA969-9B9A-42C9-9520-2E7EF113150A}"
EndProject
Project("{9A19103F-16F7-4668-BE54-9A1E7A4F7556}") = "Mediator", "Mediator\Mediator.csproj", "{924F0297-4C74-4954-B48E-4B0019644F0F}"
EndProject
Project("{9A19103F-16F7-4668-BE54-9A1E7A4F7556}") = "Memento", "Memento\Memento.csproj", "{57CCDEAB-D16F-4D10-8AAB-2669381EBC51}"
EndProject
Project("{9A19103F-16F7-4668-BE54-9A1E7A4F7556}") = "Observer", "Observer\Observer.csproj", "{27A6D4B5-9FC2-4C71-8D1C-A4B1416D83C3}"
EndProject
Project("{FAE04EC0-301F-11D3-BF4B-00C04F79EFBC}") = "State", "State\State.csproj", "{8B60E080-4BE9-4DE8-8602-7AD9C3689DDB}"
EndProject
Project("{9A19103F-16F7-4668-BE54-9A1E7A4F7556}") = "Strategy", "Strategy\Strategy.csproj", "{61E64C5B-2F9A-4CA5-B9DD-C9DD61BBE048}"
EndProject
Project("{9A19103F-16F7-4668-BE54-9A1E7A4F7556}") = "TemplateMethod", "TemplateMethod\TemplateMethod.csproj", "{C65CFBAA-2BBE-4499-8F42-F1C9DBCF178F}"
EndProject
Project("{FAE04EC0-301F-11D3-BF4B-00C04F79EFBC}") = "Visitor", "Visitor\Visitor.csproj", "{BC66A51D-96D3-4F72-B1A1-C88587303F10}"
EndProject
Global
	GlobalSection(SolutionConfigurationPlatforms) = preSolution
		Debug|Any CPU = Debug|Any CPU
		Release|Any CPU = Release|Any CPU
	EndGlobalSection
	GlobalSection(ProjectConfigurationPlatforms) = postSolution
		{F1E0D86C-940B-4310-B5A0-F1471A81AD4B}.Debug|Any CPU.ActiveCfg = Debug|Any CPU
		{F1E0D86C-940B-4310-B5A0-F1471A81AD4B}.Debug|Any CPU.Build.0 = Debug|Any CPU
		{F1E0D86C-940B-4310-B5A0-F1471A81AD4B}.Release|Any CPU.ActiveCfg = Release|Any CPU
		{F1E0D86C-940B-4310-B5A0-F1471A81AD4B}.Release|Any CPU.Build.0 = Release|Any CPU
		{2CAB3485-14F9-47F9-B41E-67006AFF56D3}.Debug|Any CPU.ActiveCfg = Debug|Any CPU
		{2CAB3485-14F9-47F9-B41E-67006AFF56D3}.Debug|Any CPU.Build.0 = Debug|Any CPU
		{2CAB3485-14F9-47F9-B41E-67006AFF56D3}.Release|Any CPU.ActiveCfg = Release|Any CPU
		{2CAB3485-14F9-47F9-B41E-67006AFF56D3}.Release|Any CPU.Build.0 = Release|Any CPU
		{8A93BCC6-F806-492D-B969-CB26E416B5CC}.Debug|Any CPU.ActiveCfg = Debug|Any CPU
		{8A93BCC6-F806-492D-B969-CB26E416B5CC}.Debug|Any CPU.Build.0 = Debug|Any CPU
		{8A93BCC6-F806-492D-B969-CB26E416B5CC}.Release|Any CPU.ActiveCfg = Release|Any CPU
		{8A93BCC6-F806-492D-B969-CB26E416B5CC}.Release|Any CPU.Build.0 = Release|Any CPU
		{FEF95FA9-24DC-404B-A8C3-5AF96E6CEBCE}.Debug|Any CPU.ActiveCfg = Debug|Any CPU
		{FEF95FA9-24DC-404B-A8C3-5AF96E6CEBCE}.Debug|Any CPU.Build.0 = Debug|Any CPU
		{FEF95FA9-24DC-404B-A8C3-5AF96E6CEBCE}.Release|Any CPU.ActiveCfg = Release|Any CPU
		{FEF95FA9-24DC-404B-A8C3-5AF96E6CEBCE}.Release|Any CPU.Build.0 = Release|Any CPU
		{F256C6C2-2F52-4668-BD21-994988FFF3FD}.Debug|Any CPU.ActiveCfg = Debug|Any CPU
		{F256C6C2-2F52-4668-BD21-994988FFF3FD}.Debug|Any CPU.Build.0 = Debug|Any CPU
		{F256C6C2-2F52-4668-BD21-994988FFF3FD}.Release|Any CPU.ActiveCfg = Release|Any CPU
		{F256C6C2-2F52-4668-BD21-994988FFF3FD}.Release|Any CPU.Build.0 = Release|Any CPU
		{55C34CF0-2A76-41CA-B10B-F62AD3B224B9}.Debug|Any CPU.ActiveCfg = Debug|Any CPU
		{55C34CF0-2A76-41CA-B10B-F62AD3B224B9}.Debug|Any CPU.Build.0 = Debug|Any CPU
		{55C34CF0-2A76-41CA-B10B-F62AD3B224B9}.Release|Any CPU.ActiveCfg = Release|Any CPU
		{55C34CF0-2A76-41CA-B10B-F62AD3B224B9}.Release|Any CPU.Build.0 = Release|Any CPU
		{C5E80F77-12C6-428E-9274-6FB94A031160}.Debug|Any CPU.ActiveCfg = Debug|Any CPU
		{C5E80F77-12C6-428E-9274-6FB94A031160}.Debug|Any CPU.Build.0 = Debug|Any CPU
		{C5E80F77-12C6-428E-9274-6FB94A031160}.Release|Any CPU.ActiveCfg = Release|Any CPU
		{C5E80F77-12C6-428E-9274-6FB94A031160}.Release|Any CPU.Build.0 = Release|Any CPU
		{369F3C6C-AF2D-4B9E-984A-3668C478F2CF}.Debug|Any CPU.ActiveCfg = Debug|Any CPU
		{369F3C6C-AF2D-4B9E-984A-3668C478F2CF}.Debug|Any CPU.Build.0 = Debug|Any CPU
		{369F3C6C-AF2D-4B9E-984A-3668C478F2CF}.Release|Any CPU.ActiveCfg = Release|Any CPU
		{369F3C6C-AF2D-4B9E-984A-3668C478F2CF}.Release|Any CPU.Build.0 = Release|Any CPU
		{06AD666A-3608-4EE4-8C02-740D43ED9EA5}.Debug|Any CPU.ActiveCfg = Debug|Any CPU
		{06AD666A-3608-4EE4-8C02-740D43ED9EA5}.Debug|Any CPU.Build.0 = Debug|Any CPU
		{06AD666A-3608-4EE4-8C02-740D43ED9EA5}.Release|Any CPU.ActiveCfg = Release|Any CPU
		{06AD666A-3608-4EE4-8C02-740D43ED9EA5}.Release|Any CPU.Build.0 = Release|Any CPU
		{2A3CD9C4-DCA8-4406-B9B8-8E4E3DCD8B03}.Debug|Any CPU.ActiveCfg = Debug|Any CPU
		{2A3CD9C4-DCA8-4406-B9B8-8E4E3DCD8B03}.Debug|Any CPU.Build.0 = Debug|Any CPU
		{2A3CD9C4-DCA8-4406-B9B8-8E4E3DCD8B03}.Release|Any CPU.ActiveCfg = Release|Any CPU
		{2A3CD9C4-DCA8-4406-B9B8-8E4E3DCD8B03}.Release|Any CPU.Build.0 = Release|Any CPU
		{4AC35269-F049-4B30-9B54-0D64B5A1B95A}.Debug|Any CPU.ActiveCfg = Debug|Any CPU
		{4AC35269-F049-4B30-9B54-0D64B5A1B95A}.Debug|Any CPU.Build.0 = Debug|Any CPU
		{4AC35269-F049-4B30-9B54-0D64B5A1B95A}.Release|Any CPU.ActiveCfg = Release|Any CPU
		{4AC35269-F049-4B30-9B54-0D64B5A1B95A}.Release|Any CPU.Build.0 = Release|Any CPU
		{399B06BD-611A-4093-B712-0AF8EBB346DB}.Debug|Any CPU.ActiveCfg = Debug|Any CPU
		{399B06BD-611A-4093-B712-0AF8EBB346DB}.Debug|Any CPU.Build.0 = Debug|Any CPU
		{399B06BD-611A-4093-B712-0AF8EBB346DB}.Release|Any CPU.ActiveCfg = Release|Any CPU
		{399B06BD-611A-4093-B712-0AF8EBB346DB}.Release|Any CPU.Build.0 = Release|Any CPU
		{4C404CCE-9391-4450-B51B-B3113F9CDF51}.Debug|Any CPU.ActiveCfg = Debug|Any CPU
		{4C404CCE-9391-4450-B51B-B3113F9CDF51}.Debug|Any CPU.Build.0 = Debug|Any CPU
		{4C404CCE-9391-4450-B51B-B3113F9CDF51}.Release|Any CPU.ActiveCfg = Release|Any CPU
		{4C404CCE-9391-4450-B51B-B3113F9CDF51}.Release|Any CPU.Build.0 = Release|Any CPU
		{B6284CB2-6D53-4953-ACDF-008DB98BE601}.Debug|Any CPU.ActiveCfg = Debug|Any CPU
		{B6284CB2-6D53-4953-ACDF-008DB98BE601}.Debug|Any CPU.Build.0 = Debug|Any CPU
		{B6284CB2-6D53-4953-ACDF-008DB98BE601}.Release|Any CPU.ActiveCfg = Release|Any CPU
		{B6284CB2-6D53-4953-ACDF-008DB98BE601}.Release|Any CPU.Build.0 = Release|Any CPU
		{32CD50BC-1599-4582-847A-CEB1FE13D0EB}.Debug|Any CPU.ActiveCfg = Debug|Any CPU
		{32CD50BC-1599-4582-847A-CEB1FE13D0EB}.Debug|Any CPU.Build.0 = Debug|Any CPU
		{32CD50BC-1599-4582-847A-CEB1FE13D0EB}.Release|Any CPU.ActiveCfg = Release|Any CPU
		{32CD50BC-1599-4582-847A-CEB1FE13D0EB}.Release|Any CPU.Build.0 = Release|Any CPU
		{652F198F-6289-4A50-82DB-1791DBF8AA1E}.Debug|Any CPU.ActiveCfg = Debug|Any CPU
		{652F198F-6289-4A50-82DB-1791DBF8AA1E}.Debug|Any CPU.Build.0 = Debug|Any CPU
		{652F198F-6289-4A50-82DB-1791DBF8AA1E}.Release|Any CPU.ActiveCfg = Release|Any CPU
		{652F198F-6289-4A50-82DB-1791DBF8AA1E}.Release|Any CPU.Build.0 = Release|Any CPU
		{2A5CEB05-14FA-4949-ACA8-728B14B344D5}.Debug|Any CPU.ActiveCfg = Debug|Any CPU
		{2A5CEB05-14FA-4949-ACA8-728B14B344D5}.Debug|Any CPU.Build.0 = Debug|Any CPU
		{2A5CEB05-14FA-4949-ACA8-728B14B344D5}.Release|Any CPU.ActiveCfg = Release|Any CPU
		{2A5CEB05-14FA-4949-ACA8-728B14B344D5}.Release|Any CPU.Build.0 = Release|Any CPU
		{7938FE15-EC75-42D4-BD0D-0BB92F515483}.Debug|Any CPU.ActiveCfg = Debug|Any CPU
		{7938FE15-EC75-42D4-BD0D-0BB92F515483}.Debug|Any CPU.Build.0 = Debug|Any CPU
		{7938FE15-EC75-42D4-BD0D-0BB92F515483}.Release|Any CPU.ActiveCfg = Release|Any CPU
		{7938FE15-EC75-42D4-BD0D-0BB92F515483}.Release|Any CPU.Build.0 = Release|Any CPU
		{EACA46FF-9942-4328-B20B-AF0102EBE847}.Debug|Any CPU.ActiveCfg = Debug|Any CPU
		{EACA46FF-9942-4328-B20B-AF0102EBE847}.Debug|Any CPU.Build.0 = Debug|Any CPU
		{EACA46FF-9942-4328-B20B-AF0102EBE847}.Release|Any CPU.ActiveCfg = Release|Any CPU
		{EACA46FF-9942-4328-B20B-AF0102EBE847}.Release|Any CPU.Build.0 = Release|Any CPU
		{CEFEA969-9B9A-42C9-9520-2E7EF113150A}.Debug|Any CPU.ActiveCfg = Debug|Any CPU
		{CEFEA969-9B9A-42C9-9520-2E7EF113150A}.Debug|Any CPU.Build.0 = Debug|Any CPU
		{CEFEA969-9B9A-42C9-9520-2E7EF113150A}.Release|Any CPU.ActiveCfg = Release|Any CPU
		{CEFEA969-9B9A-42C9-9520-2E7EF113150A}.Release|Any CPU.Build.0 = Release|Any CPU
		{924F0297-4C74-4954-B48E-4B0019644F0F}.Debug|Any CPU.ActiveCfg = Debug|Any CPU
		{924F0297-4C74-4954-B48E-4B0019644F0F}.Debug|Any CPU.Build.0 = Debug|Any CPU
		{924F0297-4C74-4954-B48E-4B0019644F0F}.Release|Any CPU.ActiveCfg = Release|Any CPU
		{924F0297-4C74-4954-B48E-4B0019644F0F}.Release|Any CPU.Build.0 = Release|Any CPU
		{57CCDEAB-D16F-4D10-8AAB-2669381EBC51}.Debug|Any CPU.ActiveCfg = Debug|Any CPU
		{57CCDEAB-D16F-4D10-8AAB-2669381EBC51}.Debug|Any CPU.Build.0 = Debug|Any CPU
		{57CCDEAB-D16F-4D10-8AAB-2669381EBC51}.Release|Any CPU.ActiveCfg = Release|Any CPU
		{57CCDEAB-D16F-4D10-8AAB-2669381EBC51}.Release|Any CPU.Build.0 = Release|Any CPU
		{27A6D4B5-9FC2-4C71-8D1C-A4B1416D83C3}.Debug|Any CPU.ActiveCfg = Debug|Any CPU
		{27A6D4B5-9FC2-4C71-8D1C-A4B1416D83C3}.Debug|Any CPU.Build.0 = Debug|Any CPU
		{27A6D4B5-9FC2-4C71-8D1C-A4B1416D83C3}.Release|Any CPU.ActiveCfg = Release|Any CPU
		{27A6D4B5-9FC2-4C71-8D1C-A4B1416D83C3}.Release|Any CPU.Build.0 = Release|Any CPU
		{8B60E080-4BE9-4DE8-8602-7AD9C3689DDB}.Debug|Any CPU.ActiveCfg = Debug|Any CPU
		{8B60E080-4BE9-4DE8-8602-7AD9C3689DDB}.Debug|Any CPU.Build.0 = Debug|Any CPU
		{8B60E080-4BE9-4DE8-8602-7AD9C3689DDB}.Release|Any CPU.ActiveCfg = Release|Any CPU
		{8B60E080-4BE9-4DE8-8602-7AD9C3689DDB}.Release|Any CPU.Build.0 = Release|Any CPU
		{61E64C5B-2F9A-4CA5-B9DD-C9DD61BBE048}.Debug|Any CPU.ActiveCfg = Debug|Any CPU
		{61E64C5B-2F9A-4CA5-B9DD-C9DD61BBE048}.Debug|Any CPU.Build.0 = Debug|Any CPU
		{61E64C5B-2F9A-4CA5-B9DD-C9DD61BBE048}.Release|Any CPU.ActiveCfg = Release|Any CPU
		{61E64C5B-2F9A-4CA5-B9DD-C9DD61BBE048}.Release|Any CPU.Build.0 = Release|Any CPU
		{C65CFBAA-2BBE-4499-8F42-F1C9DBCF178F}.Debug|Any CPU.ActiveCfg = Debug|Any CPU
		{C65CFBAA-2BBE-4499-8F42-F1C9DBCF178F}.Debug|Any CPU.Build.0 = Debug|Any CPU
		{C65CFBAA-2BBE-4499-8F42-F1C9DBCF178F}.Release|Any CPU.ActiveCfg = Release|Any CPU
		{C65CFBAA-2BBE-4499-8F42-F1C9DBCF178F}.Release|Any CPU.Build.0 = Release|Any CPU
		{BC66A51D-96D3-4F72-B1A1-C88587303F10}.Debug|Any CPU.ActiveCfg = Debug|Any CPU
		{BC66A51D-96D3-4F72-B1A1-C88587303F10}.Debug|Any CPU.Build.0 = Debug|Any CPU
		{BC66A51D-96D3-4F72-B1A1-C88587303F10}.Release|Any CPU.ActiveCfg = Release|Any CPU
		{BC66A51D-96D3-4F72-B1A1-C88587303F10}.Release|Any CPU.Build.0 = Release|Any CPU
	EndGlobalSection
	GlobalSection(SolutionProperties) = preSolution
		HideSolutionNode = FALSE
	EndGlobalSection
	GlobalSection(NestedProjects) = preSolution
		{F256C6C2-2F52-4668-BD21-994988FFF3FD} = {7B07CE54-DDB2-41A3-844E-A28174D6DB52}
		{2A3CD9C4-DCA8-4406-B9B8-8E4E3DCD8B03} = {7B07CE54-DDB2-41A3-844E-A28174D6DB52}
		{4AC35269-F049-4B30-9B54-0D64B5A1B95A} = {7B07CE54-DDB2-41A3-844E-A28174D6DB52}
		{EACA46FF-9942-4328-B20B-AF0102EBE847} = {7B07CE54-DDB2-41A3-844E-A28174D6DB52}
	EndGlobalSection
	GlobalSection(ExtensibilityGlobals) = postSolution
		SolutionGuid = {0B596888-40BE-409D-8F70-0D340FA5D6F1}
	EndGlobalSection
EndGlobal
